# This file is automatically generated by cargo-component.
# It is not intended for manual editing.
version = 1

[[package]]
name = "jthijsma:random-package"
registry = "wa.dev"

[[package.version]]
requirement = "^0.1.0"
version = "0.1.0"
digest = "sha256:b7afd0d06b840e26d380036332f51b52025411d0b56911cd40ad365b05dd8434"
