# This file is automatically generated by cargo-component.
# It is not intended for manual editing.
version = 1

[[package]]
name = "jthijsma:text-package"
registry = "wa.dev"

[[package.version]]
requirement = "^0.1.0"
version = "0.1.0"
digest = "sha256:7c9103a33bc7b92a3408a9839536247c19ef5820749a6eb1a07725aa3bc41cba"
